
Microsoft Visual Studio Solution File, Format Version 12.00
# Visual Studio Version 17
VisualStudioVersion = 17.0.31903.59
MinimumVisualStudioVersion = 10.0.40219.1
Project("{9A19103F-16F7-4668-BE54-9A1E7A4F7556}") = "Lab02-02", "Lab02-02\Lab02-02.csproj", "{424D7DA0-4CF5-4755-8559-6A42CB5E75A3}"
EndProject
Project("{9A19103F-16F7-4668-BE54-9A1E7A4F7556}") = "Lab02-03", "Lab02-03\Lab02-03.csproj", "{F5F04A9E-914A-4F14-85E5-EA2FC4784400}"
EndProject
Project("{9A19103F-16F7-4668-BE54-9A1E7A4F7556}") = "Lab02-04", "Lab02-04\Lab02-04.csproj", "{3E083600-3C55-4AEA-A982-49BD5A5AE4BC}"
EndProject
Project("{FAE04EC0-301F-11D3-BF4B-00C04F79EFBC}") = "Lab02-01", "Lab02-01\Lab02-01.csproj", "{625F1CC1-9013-4354-A8C6-33A0A748BBF6}"
EndProject
Project("{FAE04EC0-301F-11D3-BF4B-00C04F79EFBC}") = "Lab03-01", "Lab03-01\Lab03-01.csproj", "{A8B20750-2BD0-472A-8F19-E4A07F06D7AE}"
EndProject
Project("{FAE04EC0-301F-11D3-BF4B-00C04F79EFBC}") = "Lab03-02", "Lab03-02\Lab03-02.csproj", "{9D9F136E-6194-448D-B641-644E62B78DC0}"
EndProject
Project("{FAE04EC0-301F-11D3-BF4B-00C04F79EFBC}") = "Lab03-03", "Lab03-03\Lab03-03.csproj", "{CBBF59BA-9FC8-4F73-8A38-45AF973ADF3B}"
EndProject
Project("{2150E333-8FDC-42A3-9474-1A3956D46DE8}") = "Lab04", "Lab04", "{02EA681E-C7D8-13C7-8484-4AC65E1B71E8}"
EndProject
Project("{2150E333-8FDC-42A3-9474-1A3956D46DE8}") = "Lab04-01", "Lab04-01", "{DA258049-6F23-414B-A024-9CB50832BC82}"
EndProject
Project("{2150E333-8FDC-42A3-9474-1A3956D46DE8}") = "BLL", "BLL", "{2656ED1F-C89B-4E79-B68C-ED134708BADC}"
EndProject
Project("{2150E333-8FDC-42A3-9474-1A3956D46DE8}") = "DAL", "DAL", "{63B95DE3-7E2C-4DEE-9F52-8D648276E77D}"
EndProject
Project("{2150E333-8FDC-42A3-9474-1A3956D46DE8}") = "GUI", "GUI", "{8E5FD3CB-8A8C-40A6-A04C-4B821396F26D}"
EndProject
Project("{FAE04EC0-301F-11D3-BF4B-00C04F79EFBC}") = "Lab04-01.BLL", "Lab04-01\BLL\Lab04-01.BLL\Lab04-01.BLL.csproj", "{634A692D-F9C9-409B-9470-2F01A5AE20D6}"
EndProject
Project("{FAE04EC0-301F-11D3-BF4B-00C04F79EFBC}") = "Lab04-01.DAL", "Lab04-01\DAL\Lab04-01.DAL\Lab04-01.DAL.csproj", "{318B238B-A30D-4A9B-9878-8A51BE1D6BE8}"
EndProject
Project("{FAE04EC0-301F-11D3-BF4B-00C04F79EFBC}") = "Lab04-01.GUI", "Lab04-01\GUI\Lab04-01.GUI\Lab04-01.GUI.csproj", "{3B589761-9081-4F78-A1BC-094585B99BFB}"
EndProject
Project("{2150E333-8FDC-42A3-9474-1A3956D46DE8}") = "Lab04-04", "Lab04-04", "{834820B3-2E32-46EE-B639-3E139D0C267B}"
EndProject
Project("{2150E333-8FDC-42A3-9474-1A3956D46DE8}") = "DAL", "DAL", "{9F938D87-AE79-466E-9EE0-6EBE39BAD195}"
EndProject
Project("{FAE04EC0-301F-11D3-BF4B-00C04F79EFBC}") = "Lab04-04.DAL", "Lab04-04.DAL\Lab04-04.DAL.csproj", "{C56C35E0-D9E8-4945-8884-B8F571E7103D}"
EndProject
Project("{2150E333-8FDC-42A3-9474-1A3956D46DE8}") = "BLL", "BLL", "{6577EE2A-F9AD-4CBA-9ADE-0909AE35EA09}"
EndProject
Project("{FAE04EC0-301F-11D3-BF4B-00C04F79EFBC}") = "Lab04-04.BLL", "Lab04-04.BLL\Lab04-04.BLL.csproj", "{E67CB915-53AB-45A3-8B2B-BCA630928BD4}"
EndProject
Project("{2150E333-8FDC-42A3-9474-1A3956D46DE8}") = "GUI", "GUI", "{A06DC28C-2340-435B-9115-F26DDE404BBD}"
EndProject
Project("{FAE04EC0-301F-11D3-BF4B-00C04F79EFBC}") = "Lab04-04.GUI", "Lab04-04.GUI\Lab04-04.GUI.csproj", "{9924825B-9443-4EA2-8DC0-94A9CE2AE257}"
EndProject
Project("{2150E333-8FDC-42A3-9474-1A3956D46DE8}") = "Lab05", "Lab05", "{F73C4959-42D1-4C37-BC43-BC3EA4A1CCB8}"
EndProject
Project("{2150E333-8FDC-42A3-9474-1A3956D46DE8}") = "BLL", "BLL", "{9D29B3A9-8863-4A33-8CD4-83865013A154}"
EndProject
Project("{2150E333-8FDC-42A3-9474-1A3956D46DE8}") = "DAL", "DAL", "{77DEA64F-A49F-4720-B39C-7E39A14207B2}"
EndProject
Project("{2150E333-8FDC-42A3-9474-1A3956D46DE8}") = "GUI", "GUI", "{6E49E2A7-F5A4-478F-905B-C9E64010C457}"
EndProject
Project("{FAE04EC0-301F-11D3-BF4B-00C04F79EFBC}") = "Lab05.BLL", "Lab05.BLL\Lab05.BLL.csproj", "{B98A5C86-2E93-429B-9FD4-CDD931449A45}"
EndProject
Project("{FAE04EC0-301F-11D3-BF4B-00C04F79EFBC}") = "Lab05.DAL", "Lab05.DAL\Lab05.DAL.csproj", "{2289A61D-3144-4E24-8DCD-56BD80277BA4}"
EndProject
Project("{FAE04EC0-301F-11D3-BF4B-00C04F79EFBC}") = "Lab05.GUI", "Lab05.GUI\Lab05.GUI.csproj", "{F7543FC6-ED09-4B16-A314-283829A37ED9}"
EndProject
Project("{2150E333-8FDC-42A3-9474-1A3956D46DE8}") = "Lab06", "Lab06", "{13967833-5415-459D-A006-158D285C112F}"
EndProject
Project("{2150E333-8FDC-42A3-9474-1A3956D46DE8}") = "GUI", "GUI", "{60B0D720-133F-4E7D-BEC4-33606D6848D0}"
EndProject
Project("{2150E333-8FDC-42A3-9474-1A3956D46DE8}") = "DAL", "DAL", "{A5623F95-6363-42C1-A566-27A111F7EC48}"
EndProject
Project("{2150E333-8FDC-42A3-9474-1A3956D46DE8}") = "BLL", "BLL", "{18D33AA2-2F99-4DD2-A542-2E2C227E236D}"
EndProject
Project("{FAE04EC0-301F-11D3-BF4B-00C04F79EFBC}") = "Lab06.BLL", "Lab06.BLL\Lab06.BLL.csproj", "{D15A934D-0EE9-4136-A348-BA6E787D99BF}"
EndProject
Project("{FAE04EC0-301F-11D3-BF4B-00C04F79EFBC}") = "Lab06.DAL", "Lab06.DAL\Lab06.DAL.csproj", "{A75CF74C-55EC-4C47-96F7-3DC6EE3DA0E1}"
EndProject
Project("{FAE04EC0-301F-11D3-BF4B-00C04F79EFBC}") = "Lab06.GUI", "Lab06.GUI\Lab06.GUI.csproj", "{F0B7F0BF-40B4-447D-BB35-66602C54DDD1}"
EndProject
Global
	GlobalSection(SolutionConfigurationPlatforms) = preSolution
		Debug|Any CPU = Debug|Any CPU
		Release|Any CPU = Release|Any CPU
	EndGlobalSection
	GlobalSection(ProjectConfigurationPlatforms) = postSolution
		{424D7DA0-4CF5-4755-8559-6A42CB5E75A3}.Debug|Any CPU.ActiveCfg = Debug|Any CPU
		{424D7DA0-4CF5-4755-8559-6A42CB5E75A3}.Debug|Any CPU.Build.0 = Debug|Any CPU
		{424D7DA0-4CF5-4755-8559-6A42CB5E75A3}.Release|Any CPU.ActiveCfg = Release|Any CPU
		{424D7DA0-4CF5-4755-8559-6A42CB5E75A3}.Release|Any CPU.Build.0 = Release|Any CPU
		{F5F04A9E-914A-4F14-85E5-EA2FC4784400}.Debug|Any CPU.ActiveCfg = Debug|Any CPU
		{F5F04A9E-914A-4F14-85E5-EA2FC4784400}.Debug|Any CPU.Build.0 = Debug|Any CPU
		{F5F04A9E-914A-4F14-85E5-EA2FC4784400}.Release|Any CPU.ActiveCfg = Release|Any CPU
		{F5F04A9E-914A-4F14-85E5-EA2FC4784400}.Release|Any CPU.Build.0 = Release|Any CPU
		{3E083600-3C55-4AEA-A982-49BD5A5AE4BC}.Debug|Any CPU.ActiveCfg = Debug|Any CPU
		{3E083600-3C55-4AEA-A982-49BD5A5AE4BC}.Debug|Any CPU.Build.0 = Debug|Any CPU
		{3E083600-3C55-4AEA-A982-49BD5A5AE4BC}.Release|Any CPU.ActiveCfg = Release|Any CPU
		{3E083600-3C55-4AEA-A982-49BD5A5AE4BC}.Release|Any CPU.Build.0 = Release|Any CPU
		{625F1CC1-9013-4354-A8C6-33A0A748BBF6}.Debug|Any CPU.ActiveCfg = Debug|Any CPU
		{625F1CC1-9013-4354-A8C6-33A0A748BBF6}.Debug|Any CPU.Build.0 = Debug|Any CPU
		{625F1CC1-9013-4354-A8C6-33A0A748BBF6}.Release|Any CPU.ActiveCfg = Release|Any CPU
		{625F1CC1-9013-4354-A8C6-33A0A748BBF6}.Release|Any CPU.Build.0 = Release|Any CPU
		{A8B20750-2BD0-472A-8F19-E4A07F06D7AE}.Debug|Any CPU.ActiveCfg = Debug|Any CPU
		{A8B20750-2BD0-472A-8F19-E4A07F06D7AE}.Debug|Any CPU.Build.0 = Debug|Any CPU
		{A8B20750-2BD0-472A-8F19-E4A07F06D7AE}.Release|Any CPU.ActiveCfg = Release|Any CPU
		{A8B20750-2BD0-472A-8F19-E4A07F06D7AE}.Release|Any CPU.Build.0 = Release|Any CPU
		{9D9F136E-6194-448D-B641-644E62B78DC0}.Debug|Any CPU.ActiveCfg = Debug|Any CPU
		{9D9F136E-6194-448D-B641-644E62B78DC0}.Debug|Any CPU.Build.0 = Debug|Any CPU
		{9D9F136E-6194-448D-B641-644E62B78DC0}.Release|Any CPU.ActiveCfg = Release|Any CPU
		{9D9F136E-6194-448D-B641-644E62B78DC0}.Release|Any CPU.Build.0 = Release|Any CPU
		{CBBF59BA-9FC8-4F73-8A38-45AF973ADF3B}.Debug|Any CPU.ActiveCfg = Debug|Any CPU
		{CBBF59BA-9FC8-4F73-8A38-45AF973ADF3B}.Debug|Any CPU.Build.0 = Debug|Any CPU
		{CBBF59BA-9FC8-4F73-8A38-45AF973ADF3B}.Release|Any CPU.ActiveCfg = Release|Any CPU
		{CBBF59BA-9FC8-4F73-8A38-45AF973ADF3B}.Release|Any CPU.Build.0 = Release|Any CPU
		{634A692D-F9C9-409B-9470-2F01A5AE20D6}.Debug|Any CPU.ActiveCfg = Debug|Any CPU
		{634A692D-F9C9-409B-9470-2F01A5AE20D6}.Debug|Any CPU.Build.0 = Debug|Any CPU
		{634A692D-F9C9-409B-9470-2F01A5AE20D6}.Release|Any CPU.ActiveCfg = Release|Any CPU
		{634A692D-F9C9-409B-9470-2F01A5AE20D6}.Release|Any CPU.Build.0 = Release|Any CPU
		{318B238B-A30D-4A9B-9878-8A51BE1D6BE8}.Debug|Any CPU.ActiveCfg = Debug|Any CPU
		{318B238B-A30D-4A9B-9878-8A51BE1D6BE8}.Debug|Any CPU.Build.0 = Debug|Any CPU
		{318B238B-A30D-4A9B-9878-8A51BE1D6BE8}.Release|Any CPU.ActiveCfg = Release|Any CPU
		{318B238B-A30D-4A9B-9878-8A51BE1D6BE8}.Release|Any CPU.Build.0 = Release|Any CPU
		{3B589761-9081-4F78-A1BC-094585B99BFB}.Debug|Any CPU.ActiveCfg = Debug|Any CPU
		{3B589761-9081-4F78-A1BC-094585B99BFB}.Debug|Any CPU.Build.0 = Debug|Any CPU
		{3B589761-9081-4F78-A1BC-094585B99BFB}.Release|Any CPU.ActiveCfg = Release|Any CPU
		{3B589761-9081-4F78-A1BC-094585B99BFB}.Release|Any CPU.Build.0 = Release|Any CPU
		{C56C35E0-D9E8-4945-8884-B8F571E7103D}.Debug|Any CPU.ActiveCfg = Debug|Any CPU
		{C56C35E0-D9E8-4945-8884-B8F571E7103D}.Debug|Any CPU.Build.0 = Debug|Any CPU
		{C56C35E0-D9E8-4945-8884-B8F571E7103D}.Release|Any CPU.ActiveCfg = Release|Any CPU
		{C56C35E0-D9E8-4945-8884-B8F571E7103D}.Release|Any CPU.Build.0 = Release|Any CPU
		{E67CB915-53AB-45A3-8B2B-BCA630928BD4}.Debug|Any CPU.ActiveCfg = Debug|Any CPU
		{E67CB915-53AB-45A3-8B2B-BCA630928BD4}.Debug|Any CPU.Build.0 = Debug|Any CPU
		{E67CB915-53AB-45A3-8B2B-BCA630928BD4}.Release|Any CPU.ActiveCfg = Release|Any CPU
		{E67CB915-53AB-45A3-8B2B-BCA630928BD4}.Release|Any CPU.Build.0 = Release|Any CPU
		{9924825B-9443-4EA2-8DC0-94A9CE2AE257}.Debug|Any CPU.ActiveCfg = Debug|Any CPU
		{9924825B-9443-4EA2-8DC0-94A9CE2AE257}.Debug|Any CPU.Build.0 = Debug|Any CPU
		{9924825B-9443-4EA2-8DC0-94A9CE2AE257}.Release|Any CPU.ActiveCfg = Release|Any CPU
		{9924825B-9443-4EA2-8DC0-94A9CE2AE257}.Release|Any CPU.Build.0 = Release|Any CPU
		{B98A5C86-2E93-429B-9FD4-CDD931449A45}.Debug|Any CPU.ActiveCfg = Debug|Any CPU
		{B98A5C86-2E93-429B-9FD4-CDD931449A45}.Debug|Any CPU.Build.0 = Debug|Any CPU
		{B98A5C86-2E93-429B-9FD4-CDD931449A45}.Release|Any CPU.ActiveCfg = Release|Any CPU
		{B98A5C86-2E93-429B-9FD4-CDD931449A45}.Release|Any CPU.Build.0 = Release|Any CPU
		{2289A61D-3144-4E24-8DCD-56BD80277BA4}.Debug|Any CPU.ActiveCfg = Debug|Any CPU
		{2289A61D-3144-4E24-8DCD-56BD80277BA4}.Debug|Any CPU.Build.0 = Debug|Any CPU
		{2289A61D-3144-4E24-8DCD-56BD80277BA4}.Release|Any CPU.ActiveCfg = Release|Any CPU
		{2289A61D-3144-4E24-8DCD-56BD80277BA4}.Release|Any CPU.Build.0 = Release|Any CPU
		{F7543FC6-ED09-4B16-A314-283829A37ED9}.Debug|Any CPU.ActiveCfg = Debug|Any CPU
		{F7543FC6-ED09-4B16-A314-283829A37ED9}.Debug|Any CPU.Build.0 = Debug|Any CPU
		{F7543FC6-ED09-4B16-A314-283829A37ED9}.Release|Any CPU.ActiveCfg = Release|Any CPU
		{F7543FC6-ED09-4B16-A314-283829A37ED9}.Release|Any CPU.Build.0 = Release|Any CPU
		{D15A934D-0EE9-4136-A348-BA6E787D99BF}.Debug|Any CPU.ActiveCfg = Debug|Any CPU
		{D15A934D-0EE9-4136-A348-BA6E787D99BF}.Debug|Any CPU.Build.0 = Debug|Any CPU
		{D15A934D-0EE9-4136-A348-BA6E787D99BF}.Release|Any CPU.ActiveCfg = Release|Any CPU
		{D15A934D-0EE9-4136-A348-BA6E787D99BF}.Release|Any CPU.Build.0 = Release|Any CPU
		{A75CF74C-55EC-4C47-96F7-3DC6EE3DA0E1}.Debug|Any CPU.ActiveCfg = Debug|Any CPU
		{A75CF74C-55EC-4C47-96F7-3DC6EE3DA0E1}.Debug|Any CPU.Build.0 = Debug|Any CPU
		{A75CF74C-55EC-4C47-96F7-3DC6EE3DA0E1}.Release|Any CPU.ActiveCfg = Release|Any CPU
		{A75CF74C-55EC-4C47-96F7-3DC6EE3DA0E1}.Release|Any CPU.Build.0 = Release|Any CPU
		{F0B7F0BF-40B4-447D-BB35-66602C54DDD1}.Debug|Any CPU.ActiveCfg = Debug|Any CPU
		{F0B7F0BF-40B4-447D-BB35-66602C54DDD1}.Debug|Any CPU.Build.0 = Debug|Any CPU
		{F0B7F0BF-40B4-447D-BB35-66602C54DDD1}.Release|Any CPU.ActiveCfg = Release|Any CPU
		{F0B7F0BF-40B4-447D-BB35-66602C54DDD1}.Release|Any CPU.Build.0 = Release|Any CPU
	EndGlobalSection
	GlobalSection(SolutionProperties) = preSolution
		HideSolutionNode = FALSE
	EndGlobalSection
	GlobalSection(NestedProjects) = preSolution
		{DA258049-6F23-414B-A024-9CB50832BC82} = {02EA681E-C7D8-13C7-8484-4AC65E1B71E8}
		{2656ED1F-C89B-4E79-B68C-ED134708BADC} = {DA258049-6F23-414B-A024-9CB50832BC82}
		{63B95DE3-7E2C-4DEE-9F52-8D648276E77D} = {DA258049-6F23-414B-A024-9CB50832BC82}
		{8E5FD3CB-8A8C-40A6-A04C-4B821396F26D} = {DA258049-6F23-414B-A024-9CB50832BC82}
		{634A692D-F9C9-409B-9470-2F01A5AE20D6} = {2656ED1F-C89B-4E79-B68C-ED134708BADC}
		{318B238B-A30D-4A9B-9878-8A51BE1D6BE8} = {63B95DE3-7E2C-4DEE-9F52-8D648276E77D}
		{3B589761-9081-4F78-A1BC-094585B99BFB} = {8E5FD3CB-8A8C-40A6-A04C-4B821396F26D}
		{834820B3-2E32-46EE-B639-3E139D0C267B} = {02EA681E-C7D8-13C7-8484-4AC65E1B71E8}
		{9F938D87-AE79-466E-9EE0-6EBE39BAD195} = {834820B3-2E32-46EE-B639-3E139D0C267B}
		{C56C35E0-D9E8-4945-8884-B8F571E7103D} = {9F938D87-AE79-466E-9EE0-6EBE39BAD195}
		{6577EE2A-F9AD-4CBA-9ADE-0909AE35EA09} = {834820B3-2E32-46EE-B639-3E139D0C267B}
		{E67CB915-53AB-45A3-8B2B-BCA630928BD4} = {6577EE2A-F9AD-4CBA-9ADE-0909AE35EA09}
		{A06DC28C-2340-435B-9115-F26DDE404BBD} = {834820B3-2E32-46EE-B639-3E139D0C267B}
		{9924825B-9443-4EA2-8DC0-94A9CE2AE257} = {A06DC28C-2340-435B-9115-F26DDE404BBD}
		{9D29B3A9-8863-4A33-8CD4-83865013A154} = {F73C4959-42D1-4C37-BC43-BC3EA4A1CCB8}
		{77DEA64F-A49F-4720-B39C-7E39A14207B2} = {F73C4959-42D1-4C37-BC43-BC3EA4A1CCB8}
		{6E49E2A7-F5A4-478F-905B-C9E64010C457} = {F73C4959-42D1-4C37-BC43-BC3EA4A1CCB8}
		{B98A5C86-2E93-429B-9FD4-CDD931449A45} = {9D29B3A9-8863-4A33-8CD4-83865013A154}
		{2289A61D-3144-4E24-8DCD-56BD80277BA4} = {77DEA64F-A49F-4720-B39C-7E39A14207B2}
		{F7543FC6-ED09-4B16-A314-283829A37ED9} = {6E49E2A7-F5A4-478F-905B-C9E64010C457}
		{60B0D720-133F-4E7D-BEC4-33606D6848D0} = {13967833-5415-459D-A006-158D285C112F}
		{A5623F95-6363-42C1-A566-27A111F7EC48} = {13967833-5415-459D-A006-158D285C112F}
		{18D33AA2-2F99-4DD2-A542-2E2C227E236D} = {13967833-5415-459D-A006-158D285C112F}
		{D15A934D-0EE9-4136-A348-BA6E787D99BF} = {18D33AA2-2F99-4DD2-A542-2E2C227E236D}
		{A75CF74C-55EC-4C47-96F7-3DC6EE3DA0E1} = {A5623F95-6363-42C1-A566-27A111F7EC48}
		{F0B7F0BF-40B4-447D-BB35-66602C54DDD1} = {60B0D720-133F-4E7D-BEC4-33606D6848D0}
	EndGlobalSection
	GlobalSection(ExtensibilityGlobals) = postSolution
		SolutionGuid = {12D42950-7006-4692-8E8B-E79FBCDF57A2}
	EndGlobalSection
EndGlobal
